
Microsoft Visual Studio Solution File, Format Version 12.00
# Visual Studio 15
VisualStudioVersion = 15.0.28307.168
MinimumVisualStudioVersion = 10.0.40219.1
Project("{8BC9CEB8-8B4A-11D0-8D11-00A0C91BC942}") = "Legelso", "Legelso\Legelso.vcxproj", "{C404FC8D-90A6-483F-B83D-B33930ADB929}"
EndProject
Global
	GlobalSection(SolutionConfigurationPlatforms) = preSolution
		Debug|x64 = Debug|x64
		Debug|x86 = Debug|x86
		Release|x64 = Release|x64
		Release|x86 = Release|x86
	EndGlobalSection
	GlobalSection(ProjectConfigurationPlatforms) = postSolution
		{C404FC8D-90A6-483F-B83D-B33930ADB929}.Debug|x64.ActiveCfg = Debug|x64
		{C404FC8D-90A6-483F-B83D-B33930ADB929}.Debug|x64.Build.0 = Debug|x64
		{C404FC8D-90A6-483F-B83D-B33930ADB929}.Debug|x86.ActiveCfg = Debug|Win32
		{C404FC8D-90A6-483F-B83D-B33930ADB929}.Debug|x86.Build.0 = Debug|Win32
		{C404FC8D-90A6-483F-B83D-B33930ADB929}.Release|x64.ActiveCfg = Release|x64
		{C404FC8D-90A6-483F-B83D-B33930ADB929}.Release|x64.Build.0 = Release|x64
		{C404FC8D-90A6-483F-B83D-B33930ADB929}.Release|x86.ActiveCfg = Release|Win32
		{C404FC8D-90A6-483F-B83D-B33930ADB929}.Release|x86.Build.0 = Release|Win32
	EndGlobalSection
	GlobalSection(SolutionProperties) = preSolution
		HideSolutionNode = FALSE
	EndGlobalSection
	GlobalSection(ExtensibilityGlobals) = postSolution
		SolutionGuid = {809B499B-8F24-4194-9905-EC0949356474}
	EndGlobalSection
EndGlobal
